// !$*UTF8*$!
{
	archiveVersion = 1;
	classes = {
	};
	objectVersion = 46;
	objects = {

/* Begin PBXBuildFile section */
		AF4492521B1CAAF00076B192 /* MyAVPlayerViewController.m in Sources */ = {isa = PBXBuildFile; fileRef = AF4492511B1CAAF00076B192 /* MyAVPlayerViewController.m */; };
		AF66BB241B1CA2E600FB5C99 /* main.m in Sources */ = {isa = PBXBuildFile; fileRef = AF66BB231B1CA2E600FB5C99 /* main.m */; };
		AF66BB271B1CA2E600FB5C99 /* AppDelegate.m in Sources */ = {isa = PBXBuildFile; fileRef = AF66BB261B1CA2E600FB5C99 /* AppDelegate.m */; };
		AF66BB2A1B1CA2E600FB5C99 /* MasterViewController.m in Sources */ = {isa = PBXBuildFile; fileRef = AF66BB291B1CA2E600FB5C99 /* MasterViewController.m */; };
		AF66BB2D1B1CA2E600FB5C99 /* DetailViewController.m in Sources */ = {isa = PBXBuildFile; fileRef = AF66BB2C1B1CA2E600FB5C99 /* DetailViewController.m */; };
		AF66BB301B1CA2E600FB5C99 /* Main.storyboard in Resources */ = {isa = PBXBuildFile; fileRef = AF66BB2E1B1CA2E600FB5C99 /* Main.storyboard */; };
		AF66BB321B1CA2E600FB5C99 /* Images.xcassets in Resources */ = {isa = PBXBuildFile; fileRef = AF66BB311B1CA2E600FB5C99 /* Images.xcassets */; };
		AF66BB351B1CA2E600FB5C99 /* LaunchScreen.xib in Resources */ = {isa = PBXBuildFile; fileRef = AF66BB331B1CA2E600FB5C99 /* LaunchScreen.xib */; };
		AF66BB411B1CA2E600FB5C99 /* W5D1___AVPlayerViewControllerTests.m in Sources */ = {isa = PBXBuildFile; fileRef = AF66BB401B1CA2E600FB5C99 /* W5D1___AVPlayerViewControllerTests.m */; };
		AF66BB4B1B1CA39600FB5C99 /* Photos.framework in Frameworks */ = {isa = PBXBuildFile; fileRef = AF66BB4A1B1CA39600FB5C99 /* Photos.framework */; };
		AF66BB4D1B1CA3A100FB5C99 /* AVKit.framework in Frameworks */ = {isa = PBXBuildFile; fileRef = AF66BB4C1B1CA3A100FB5C99 /* AVKit.framework */; };
		AF66BB4F1B1CA3A600FB5C99 /* AVFoundation.framework in Frameworks */ = {isa = PBXBuildFile; fileRef = AF66BB4E1B1CA3A600FB5C99 /* AVFoundation.framework */; };
		AF66BB521B1CA4E400FB5C99 /* TableViewCell.m in Sources */ = {isa = PBXBuildFile; fileRef = AF66BB511B1CA4E400FB5C99 /* TableViewCell.m */; };
/* End PBXBuildFile section */

/* Begin PBXContainerItemProxy section */
		AF66BB3B1B1CA2E600FB5C99 /* PBXContainerItemProxy */ = {
			isa = PBXContainerItemProxy;
			containerPortal = AF66BB161B1CA2E600FB5C99 /* Project object */;
			proxyType = 1;
			remoteGlobalIDString = AF66BB1D1B1CA2E600FB5C99;
			remoteInfo = "W5D1 - AVPlayerViewController";
		};
/* End PBXContainerItemProxy section */

/* Begin PBXFileReference section */
		AF4492501B1CAAF00076B192 /* MyAVPlayerViewController.h */ = {isa = PBXFileReference; fileEncoding = 4; lastKnownFileType = sourcecode.c.h; path = MyAVPlayerViewController.h; sourceTree = "<group>"; };
		AF4492511B1CAAF00076B192 /* MyAVPlayerViewController.m */ = {isa = PBXFileReference; fileEncoding = 4; lastKnownFileType = sourcecode.c.objc; path = MyAVPlayerViewController.m; sourceTree = "<group>"; };
		AF66BB1E1B1CA2E600FB5C99 /* W5D1 - AVPlayerViewController.app */ = {isa = PBXFileReference; explicitFileType = wrapper.application; includeInIndex = 0; path = "W5D1 - AVPlayerViewController.app"; sourceTree = BUILT_PRODUCTS_DIR; };
		AF66BB221B1CA2E600FB5C99 /* Info.plist */ = {isa = PBXFileReference; lastKnownFileType = text.plist.xml; path = Info.plist; sourceTree = "<group>"; };
		AF66BB231B1CA2E600FB5C99 /* main.m */ = {isa = PBXFileReference; lastKnownFileType = sourcecode.c.objc; path = main.m; sourceTree = "<group>"; };
		AF66BB251B1CA2E600FB5C99 /* AppDelegate.h */ = {isa = PBXFileReference; lastKnownFileType = sourcecode.c.h; path = AppDelegate.h; sourceTree = "<group>"; };
		AF66BB261B1CA2E600FB5C99 /* AppDelegate.m */ = {isa = PBXFileReference; lastKnownFileType = sourcecode.c.objc; path = AppDelegate.m; sourceTree = "<group>"; };
		AF66BB281B1CA2E600FB5C99 /* MasterViewController.h */ = {isa = PBXFileReference; lastKnownFileType = sourcecode.c.h; path = MasterViewController.h; sourceTree = "<group>"; };
		AF66BB291B1CA2E600FB5C99 /* MasterViewController.m */ = {isa = PBXFileReference; lastKnownFileType = sourcecode.c.objc; path = MasterViewController.m; sourceTree = "<group>"; };
		AF66BB2B1B1CA2E600FB5C99 /* DetailViewController.h */ = {isa = PBXFileReference; lastKnownFileType = sourcecode.c.h; path = DetailViewController.h; sourceTree = "<group>"; };
		AF66BB2C1B1CA2E600FB5C99 /* DetailViewController.m */ = {isa = PBXFileReference; lastKnownFileType = sourcecode.c.objc; path = DetailViewController.m; sourceTree = "<group>"; };
		AF66BB2F1B1CA2E600FB5C99 /* Base */ = {isa = PBXFileReference; lastKnownFileType = file.storyboard; name = Base; path = Base.lproj/Main.storyboard; sourceTree = "<group>"; };
		AF66BB311B1CA2E600FB5C99 /* Images.xcassets */ = {isa = PBXFileReference; lastKnownFileType = folder.assetcatalog; path = Images.xcassets; sourceTree = "<group>"; };
		AF66BB341B1CA2E600FB5C99 /* Base */ = {isa = PBXFileReference; lastKnownFileType = file.xib; name = Base; path = Base.lproj/LaunchScreen.xib; sourceTree = "<group>"; };
		AF66BB3A1B1CA2E600FB5C99 /* W5D1 - AVPlayerViewControllerTests.xctest */ = {isa = PBXFileReference; explicitFileType = wrapper.cfbundle; includeInIndex = 0; path = "W5D1 - AVPlayerViewControllerTests.xctest"; sourceTree = BUILT_PRODUCTS_DIR; };
		AF66BB3F1B1CA2E600FB5C99 /* Info.plist */ = {isa = PBXFileReference; lastKnownFileType = text.plist.xml; path = Info.plist; sourceTree = "<group>"; };
		AF66BB401B1CA2E600FB5C99 /* W5D1___AVPlayerViewControllerTests.m */ = {isa = PBXFileReference; lastKnownFileType = sourcecode.c.objc; path = "W5D1___AVPlayerViewControllerTests.m"; sourceTree = "<group>"; };
		AF66BB4A1B1CA39600FB5C99 /* Photos.framework */ = {isa = PBXFileReference; lastKnownFileType = wrapper.framework; name = Photos.framework; path = System/Library/Frameworks/Photos.framework; sourceTree = SDKROOT; };
		AF66BB4C1B1CA3A100FB5C99 /* AVKit.framework */ = {isa = PBXFileReference; lastKnownFileType = wrapper.framework; name = AVKit.framework; path = System/Library/Frameworks/AVKit.framework; sourceTree = SDKROOT; };
		AF66BB4E1B1CA3A600FB5C99 /* AVFoundation.framework */ = {isa = PBXFileReference; lastKnownFileType = wrapper.framework; name = AVFoundation.framework; path = System/Library/Frameworks/AVFoundation.framework; sourceTree = SDKROOT; };
		AF66BB501B1CA4E400FB5C99 /* TableViewCell.h */ = {isa = PBXFileReference; fileEncoding = 4; lastKnownFileType = sourcecode.c.h; path = TableViewCell.h; sourceTree = "<group>"; };
		AF66BB511B1CA4E400FB5C99 /* TableViewCell.m */ = {isa = PBXFileReference; fileEncoding = 4; lastKnownFileType = sourcecode.c.objc; path = TableViewCell.m; sourceTree = "<group>"; };
/* End PBXFileReference section */

/* Begin PBXFrameworksBuildPhase section */
		AF66BB1B1B1CA2E600FB5C99 /* Frameworks */ = {
			isa = PBXFrameworksBuildPhase;
			buildActionMask = 2147483647;
			files = (
				AF66BB4F1B1CA3A600FB5C99 /* AVFoundation.framework in Frameworks */,
				AF66BB4D1B1CA3A100FB5C99 /* AVKit.framework in Frameworks */,
				AF66BB4B1B1CA39600FB5C99 /* Photos.framework in Frameworks */,
			);
			runOnlyForDeploymentPostprocessing = 0;
		};
		AF66BB371B1CA2E600FB5C99 /* Frameworks */ = {
			isa = PBXFrameworksBuildPhase;
			buildActionMask = 2147483647;
			files = (
			);
			runOnlyForDeploymentPostprocessing = 0;
		};
/* End PBXFrameworksBuildPhase section */

/* Begin PBXGroup section */
		AF66BB151B1CA2E600FB5C99 = {
			isa = PBXGroup;
			children = (
				AF66BB4E1B1CA3A600FB5C99 /* AVFoundation.framework */,
				AF66BB4C1B1CA3A100FB5C99 /* AVKit.framework */,
				AF66BB4A1B1CA39600FB5C99 /* Photos.framework */,
				AF66BB201B1CA2E600FB5C99 /* W5D1 - AVPlayerViewController */,
				AF66BB3D1B1CA2E600FB5C99 /* W5D1 - AVPlayerViewControllerTests */,
				AF66BB1F1B1CA2E600FB5C99 /* Products */,
			);
			sourceTree = "<group>";
		};
		AF66BB1F1B1CA2E600FB5C99 /* Products */ = {
			isa = PBXGroup;
			children = (
				AF66BB1E1B1CA2E600FB5C99 /* W5D1 - AVPlayerViewController.app */,
				AF66BB3A1B1CA2E600FB5C99 /* W5D1 - AVPlayerViewControllerTests.xctest */,
			);
			name = Products;
			sourceTree = "<group>";
		};
		AF66BB201B1CA2E600FB5C99 /* W5D1 - AVPlayerViewController */ = {
			isa = PBXGroup;
			children = (
				AF66BB251B1CA2E600FB5C99 /* AppDelegate.h */,
				AF66BB261B1CA2E600FB5C99 /* AppDelegate.m */,
				AF66BB281B1CA2E600FB5C99 /* MasterViewController.h */,
				AF66BB291B1CA2E600FB5C99 /* MasterViewController.m */,
				AF66BB2B1B1CA2E600FB5C99 /* DetailViewController.h */,
				AF66BB2C1B1CA2E600FB5C99 /* DetailViewController.m */,
				AF66BB2E1B1CA2E600FB5C99 /* Main.storyboard */,
				AF4492501B1CAAF00076B192 /* MyAVPlayerViewController.h */,
				AF4492511B1CAAF00076B192 /* MyAVPlayerViewController.m */,
				AF66BB501B1CA4E400FB5C99 /* TableViewCell.h */,
				AF66BB511B1CA4E400FB5C99 /* TableViewCell.m */,
				AF66BB311B1CA2E600FB5C99 /* Images.xcassets */,
				AF66BB331B1CA2E600FB5C99 /* LaunchScreen.xib */,
				AF66BB211B1CA2E600FB5C99 /* Supporting Files */,
			);
			path = "W5D1 - AVPlayerViewController";
			sourceTree = "<group>";
		};
		AF66BB211B1CA2E600FB5C99 /* Supporting Files */ = {
			isa = PBXGroup;
			children = (
				AF66BB221B1CA2E600FB5C99 /* Info.plist */,
				AF66BB231B1CA2E600FB5C99 /* main.m */,
			);
			name = "Supporting Files";
			sourceTree = "<group>";
		};
		AF66BB3D1B1CA2E600FB5C99 /* W5D1 - AVPlayerViewControllerTests */ = {
			isa = PBXGroup;
			children = (
				AF66BB401B1CA2E600FB5C99 /* W5D1___AVPlayerViewControllerTests.m */,
				AF66BB3E1B1CA2E600FB5C99 /* Supporting Files */,
			);
			path = "W5D1 - AVPlayerViewControllerTests";
			sourceTree = "<group>";
		};
		AF66BB3E1B1CA2E600FB5C99 /* Supporting Files */ = {
			isa = PBXGroup;
			children = (
				AF66BB3F1B1CA2E600FB5C99 /* Info.plist */,
			);
			name = "Supporting Files";
			sourceTree = "<group>";
		};
/* End PBXGroup section */

/* Begin PBXNativeTarget section */
		AF66BB1D1B1CA2E600FB5C99 /* W5D1 - AVPlayerViewController */ = {
			isa = PBXNativeTarget;
			buildConfigurationList = AF66BB441B1CA2E600FB5C99 /* Build configuration list for PBXNativeTarget "W5D1 - AVPlayerViewController" */;
			buildPhases = (
				AF66BB1A1B1CA2E600FB5C99 /* Sources */,
				AF66BB1B1B1CA2E600FB5C99 /* Frameworks */,
				AF66BB1C1B1CA2E600FB5C99 /* Resources */,
			);
			buildRules = (
			);
			dependencies = (
			);
			name = "W5D1 - AVPlayerViewController";
			productName = "W5D1 - AVPlayerViewController";
			productReference = AF66BB1E1B1CA2E600FB5C99 /* W5D1 - AVPlayerViewController.app */;
			productType = "com.apple.product-type.application";
		};
		AF66BB391B1CA2E600FB5C99 /* W5D1 - AVPlayerViewControllerTests */ = {
			isa = PBXNativeTarget;
			buildConfigurationList = AF66BB471B1CA2E600FB5C99 /* Build configuration list for PBXNativeTarget "W5D1 - AVPlayerViewControllerTests" */;
			buildPhases = (
				AF66BB361B1CA2E600FB5C99 /* Sources */,
				AF66BB371B1CA2E600FB5C99 /* Frameworks */,
				AF66BB381B1CA2E600FB5C99 /* Resources */,
			);
			buildRules = (
			);
			dependencies = (
				AF66BB3C1B1CA2E600FB5C99 /* PBXTargetDependency */,
			);
			name = "W5D1 - AVPlayerViewControllerTests";
			productName = "W5D1 - AVPlayerViewControllerTests";
			productReference = AF66BB3A1B1CA2E600FB5C99 /* W5D1 - AVPlayerViewControllerTests.xctest */;
			productType = "com.apple.product-type.bundle.unit-test";
		};
/* End PBXNativeTarget section */

/* Begin PBXProject section */
		AF66BB161B1CA2E600FB5C99 /* Project object */ = {
			isa = PBXProject;
			attributes = {
				LastUpgradeCheck = 0630;
				ORGANIZATIONNAME = ca.lighthouselabs;
				TargetAttributes = {
					AF66BB1D1B1CA2E600FB5C99 = {
						CreatedOnToolsVersion = 6.3.1;
					};
					AF66BB391B1CA2E600FB5C99 = {
						CreatedOnToolsVersion = 6.3.1;
						TestTargetID = AF66BB1D1B1CA2E600FB5C99;
					};
				};
			};
			buildConfigurationList = AF66BB191B1CA2E600FB5C99 /* Build configuration list for PBXProject "W5D1 - AVPlayerViewController" */;
			compatibilityVersion = "Xcode 3.2";
			developmentRegion = English;
			hasScannedForEncodings = 0;
			knownRegions = (
				en,
				Base,
			);
			mainGroup = AF66BB151B1CA2E600FB5C99;
			productRefGroup = AF66BB1F1B1CA2E600FB5C99 /* Products */;
			projectDirPath = "";
			projectRoot = "";
			targets = (
				AF66BB1D1B1CA2E600FB5C99 /* W5D1 - AVPlayerViewController */,
				AF66BB391B1CA2E600FB5C99 /* W5D1 - AVPlayerViewControllerTests */,
			);
		};
/* End PBXProject section */

/* Begin PBXResourcesBuildPhase section */
		AF66BB1C1B1CA2E600FB5C99 /* Resources */ = {
			isa = PBXResourcesBuildPhase;
			buildActionMask = 2147483647;
			files = (
				AF66BB301B1CA2E600FB5C99 /* Main.storyboard in Resources */,
				AF66BB351B1CA2E600FB5C99 /* LaunchScreen.xib in Resources */,
				AF66BB321B1CA2E600FB5C99 /* Images.xcassets in Resources */,
			);
			runOnlyForDeploymentPostprocessing = 0;
		};
		AF66BB381B1CA2E600FB5C99 /* Resources */ = {
			isa = PBXResourcesBuildPhase;
			buildActionMask = 2147483647;
			files = (
			);
			runOnlyForDeploymentPostprocessing = 0;
		};
/* End PBXResourcesBuildPhase section */

/* Begin PBXSourcesBuildPhase section */
		AF66BB1A1B1CA2E600FB5C99 /* Sources */ = {
			isa = PBXSourcesBuildPhase;
			buildActionMask = 2147483647;
			files = (
				AF66BB271B1CA2E600FB5C99 /* AppDelegate.m in Sources */,
				AF66BB2A1B1CA2E600FB5C99 /* MasterViewController.m in Sources */,
				AF4492521B1CAAF00076B192 /* MyAVPlayerViewController.m in Sources */,
				AF66BB241B1CA2E600FB5C99 /* main.m in Sources */,
				AF66BB521B1CA4E400FB5C99 /* TableViewCell.m in Sources */,
				AF66BB2D1B1CA2E600FB5C99 /* DetailViewController.m in Sources */,
			);
			runOnlyForDeploymentPostprocessing = 0;
		};
		AF66BB361B1CA2E600FB5C99 /* Sources */ = {
			isa = PBXSourcesBuildPhase;
			buildActionMask = 2147483647;
			files = (
				AF66BB411B1CA2E600FB5C99 /* W5D1___AVPlayerViewControllerTests.m in Sources */,
			);
			runOnlyForDeploymentPostprocessing = 0;
		};
/* End PBXSourcesBuildPhase section */

/* Begin PBXTargetDependency section */
		AF66BB3C1B1CA2E600FB5C99 /* PBXTargetDependency */ = {
			isa = PBXTargetDependency;
			target = AF66BB1D1B1CA2E600FB5C99 /* W5D1 - AVPlayerViewController */;
			targetProxy = AF66BB3B1B1CA2E600FB5C99 /* PBXContainerItemProxy */;
		};
/* End PBXTargetDependency section */

/* Begin PBXVariantGroup section */
		AF66BB2E1B1CA2E600FB5C99 /* Main.storyboard */ = {
			isa = PBXVariantGroup;
			children = (
				AF66BB2F1B1CA2E600FB5C99 /* Base */,
			);
			name = Main.storyboard;
			sourceTree = "<group>";
		};
		AF66BB331B1CA2E600FB5C99 /* LaunchScreen.xib */ = {
			isa = PBXVariantGroup;
			children = (
				AF66BB341B1CA2E600FB5C99 /* Base */,
			);
			name = LaunchScreen.xib;
			sourceTree = "<group>";
		};
/* End PBXVariantGroup section */

/* Begin XCBuildConfiguration section */
		AF66BB421B1CA2E600FB5C99 /* Debug */ = {
			isa = XCBuildConfiguration;
			buildSettings = {
				ALWAYS_SEARCH_USER_PATHS = NO;
				CLANG_CXX_LANGUAGE_STANDARD = "gnu++0x";
				CLANG_CXX_LIBRARY = "libc++";
				CLANG_ENABLE_MODULES = YES;
				CLANG_ENABLE_OBJC_ARC = YES;
				CLANG_WARN_BOOL_CONVERSION = YES;
				CLANG_WARN_CONSTANT_CONVERSION = YES;
				CLANG_WARN_DIRECT_OBJC_ISA_USAGE = YES_ERROR;
				CLANG_WARN_EMPTY_BODY = YES;
				CLANG_WARN_ENUM_CONVERSION = YES;
				CLANG_WARN_INT_CONVERSION = YES;
				CLANG_WARN_OBJC_ROOT_CLASS = YES_ERROR;
				CLANG_WARN_UNREACHABLE_CODE = YES;
				CLANG_WARN__DUPLICATE_METHOD_MATCH = YES;
				"CODE_SIGN_IDENTITY[sdk=iphoneos*]" = "iPhone Developer";
				COPY_PHASE_STRIP = NO;
				DEBUG_INFORMATION_FORMAT = "dwarf-with-dsym";
				ENABLE_STRICT_OBJC_MSGSEND = YES;
				GCC_C_LANGUAGE_STANDARD = gnu99;
				GCC_DYNAMIC_NO_PIC = NO;
				GCC_NO_COMMON_BLOCKS = YES;
				GCC_OPTIMIZATION_LEVEL = 0;
				GCC_PREPROCESSOR_DEFINITIONS = (
					"DEBUG=1",
					"$(inherited)",
				);
				GCC_SYMBOLS_PRIVATE_EXTERN = NO;
				GCC_WARN_64_TO_32_BIT_CONVERSION = YES;
				GCC_WARN_ABOUT_RETURN_TYPE = YES_ERROR;
				GCC_WARN_UNDECLARED_SELECTOR = YES;
				GCC_WARN_UNINITIALIZED_AUTOS = YES_AGGRESSIVE;
				GCC_WARN_UNUSED_FUNCTION = YES;
				GCC_WARN_UNUSED_VARIABLE = YES;
				IPHONEOS_DEPLOYMENT_TARGET = 8.3;
				MTL_ENABLE_DEBUG_INFO = YES;
				ONLY_ACTIVE_ARCH = YES;
				SDKROOT = iphoneos;
			};
			name = Debug;
		};
		AF66BB431B1CA2E600FB5C99 /* Release */ = {
			isa = XCBuildConfiguration;
			buildSettings = {
				ALWAYS_SEARCH_USER_PATHS = NO;
				CLANG_CXX_LANGUAGE_STANDARD = "gnu++0x";
				CLANG_CXX_LIBRARY = "libc++";
				CLANG_ENABLE_MODULES = YES;
				CLANG_ENABLE_OBJC_ARC = YES;
				CLANG_WARN_BOOL_CONVERSION = YES;
				CLANG_WARN_CONSTANT_CONVERSION = YES;
				CLANG_WARN_DIRECT_OBJC_ISA_USAGE = YES_ERROR;
				CLANG_WARN_EMPTY_BODY = YES;
				CLANG_WARN_ENUM_CONVERSION = YES;
				CLANG_WARN_INT_CONVERSION = YES;
				CLANG_WARN_OBJC_ROOT_CLASS = YES_ERROR;
				CLANG_WARN_UNREACHABLE_CODE = YES;
				CLANG_WARN__DUPLICATE_METHOD_MATCH = YES;
				"CODE_SIGN_IDENTITY[sdk=iphoneos*]" = "iPhone Developer";
				COPY_PHASE_STRIP = NO;
				DEBUG_INFORMATION_FORMAT = "dwarf-with-dsym";
				ENABLE_NS_ASSERTIONS = NO;
				ENABLE_STRICT_OBJC_MSGSEND = YES;
				GCC_C_LANGUAGE_STANDARD = gnu99;
				GCC_NO_COMMON_BLOCKS = YES;
				GCC_WARN_64_TO_32_BIT_CONVERSION = YES;
				GCC_WARN_ABOUT_RETURN_TYPE = YES_ERROR;
				GCC_WARN_UNDECLARED_SELECTOR = YES;
				GCC_WARN_UNINITIALIZED_AUTOS = YES_AGGRESSIVE;
				GCC_WARN_UNUSED_FUNCTION = YES;
				GCC_WARN_UNUSED_VARIABLE = YES;
				IPHONEOS_DEPLOYMENT_TARGET = 8.3;
				MTL_ENABLE_DEBUG_INFO = NO;
				SDKROOT = iphoneos;
				VALIDATE_PRODUCT = YES;
			};
			name = Release;
		};
		AF66BB451B1CA2E600FB5C99 /* Debug */ = {
			isa = XCBuildConfiguration;
			buildSettings = {
				ASSETCATALOG_COMPILER_APPICON_NAME = AppIcon;
				INFOPLIST_FILE = "W5D1 - AVPlayerViewController/Info.plist";
				LD_RUNPATH_SEARCH_PATHS = "$(inherited) @executable_path/Frameworks";
				PRODUCT_NAME = "$(TARGET_NAME)";
			};
			name = Debug;
		};
		AF66BB461B1CA2E600FB5C99 /* Release */ = {
			isa = XCBuildConfiguration;
			buildSettings = {
				ASSETCATALOG_COMPILER_APPICON_NAME = AppIcon;
				INFOPLIST_FILE = "W5D1 - AVPlayerViewController/Info.plist";
				LD_RUNPATH_SEARCH_PATHS = "$(inherited) @executable_path/Frameworks";
				PRODUCT_NAME = "$(TARGET_NAME)";
			};
			name = Release;
		};
		AF66BB481B1CA2E600FB5C99 /* Debug */ = {
			isa = XCBuildConfiguration;
			buildSettings = {
				BUNDLE_LOADER = "$(TEST_HOST)";
				FRAMEWORK_SEARCH_PATHS = (
					"$(SDKROOT)/Developer/Library/Frameworks",
					"$(inherited)",
				);
				GCC_PREPROCESSOR_DEFINITIONS = (
					"DEBUG=1",
					"$(inherited)",
				);
				INFOPLIST_FILE = "W5D1 - AVPlayerViewControllerTests/Info.plist";
				LD_RUNPATH_SEARCH_PATHS = "$(inherited) @executable_path/Frameworks @loader_path/Frameworks";
				PRODUCT_NAME = "$(TARGET_NAME)";
				TEST_HOST = "$(BUILT_PRODUCTS_DIR)/W5D1 - AVPlayerViewController.app/W5D1 - AVPlayerViewController";
			};
			name = Debug;
		};
		AF66BB491B1CA2E600FB5C99 /* Release */ = {
			isa = XCBuildConfiguration;
			buildSettings = {
				BUNDLE_LOADER = "$(TEST_HOST)";
				FRAMEWORK_SEARCH_PATHS = (
					"$(SDKROOT)/Developer/Library/Frameworks",
					"$(inherited)",
				);
				INFOPLIST_FILE = "W5D1 - AVPlayerViewControllerTests/Info.plist";
				LD_RUNPATH_SEARCH_PATHS = "$(inherited) @executable_path/Frameworks @loader_path/Frameworks";
				PRODUCT_NAME = "$(TARGET_NAME)";
				TEST_HOST = "$(BUILT_PRODUCTS_DIR)/W5D1 - AVPlayerViewController.app/W5D1 - AVPlayerViewController";
			};
			name = Release;
		};
/* End XCBuildConfiguration section */

/* Begin XCConfigurationList section */
		AF66BB191B1CA2E600FB5C99 /* Build configuration list for PBXProject "W5D1 - AVPlayerViewController" */ = {
			isa = XCConfigurationList;
			buildConfigurations = (
				AF66BB421B1CA2E600FB5C99 /* Debug */,
				AF66BB431B1CA2E600FB5C99 /* Release */,
			);
			defaultConfigurationIsVisible = 0;
			defaultConfigurationName = Release;
		};
		AF66BB441B1CA2E600FB5C99 /* Build configuration list for PBXNativeTarget "W5D1 - AVPlayerViewController" */ = {
			isa = XCConfigurationList;
			buildConfigurations = (
				AF66BB451B1CA2E600FB5C99 /* Debug */,
				AF66BB461B1CA2E600FB5C99 /* Release */,
			);
			defaultConfigurationIsVisible = 0;
			defaultConfigurationName = Release;
		};
		AF66BB471B1CA2E600FB5C99 /* Build configuration list for PBXNativeTarget "W5D1 - AVPlayerViewControllerTests" */ = {
			isa = XCConfigurationList;
			buildConfigurations = (
				AF66BB481B1CA2E600FB5C99 /* Debug */,
				AF66BB491B1CA2E600FB5C99 /* Release */,
			);
			defaultConfigurationIsVisible = 0;
			defaultConfigurationName = Release;
		};
/* End XCConfigurationList section */
	};
	rootObject = AF66BB161B1CA2E600FB5C99 /* Project object */;
}
